
Microsoft Visual Studio Solution File, Format Version 12.00
# Visual Studio 15
VisualStudioVersion = 15.0.28010.2019
MinimumVisualStudioVersion = 10.0.40219.1
Project("{FAE04EC0-301F-11D3-BF4B-00C04F79EFBC}") = "program1", "program1\program1.csproj", "{0F2573CA-F23D-412F-A586-F17D052DCB5B}"
EndProject
Project("{FAE04EC0-301F-11D3-BF4B-00C04F79EFBC}") = "program2", "program2\program2.csproj", "{6A33AFC8-4BB6-43C1-A820-27804311F22A}"
EndProject
Global
	GlobalSection(SolutionConfigurationPlatforms) = preSolution
		Debug|Any CPU = Debug|Any CPU
		Release|Any CPU = Release|Any CPU
	EndGlobalSection
	GlobalSection(ProjectConfigurationPlatforms) = postSolution
		{0F2573CA-F23D-412F-A586-F17D052DCB5B}.Debug|Any CPU.ActiveCfg = Debug|Any CPU
		{0F2573CA-F23D-412F-A586-F17D052DCB5B}.Debug|Any CPU.Build.0 = Debug|Any CPU
		{0F2573CA-F23D-412F-A586-F17D052DCB5B}.Release|Any CPU.ActiveCfg = Release|Any CPU
		{0F2573CA-F23D-412F-A586-F17D052DCB5B}.Release|Any CPU.Build.0 = Release|Any CPU
		{6A33AFC8-4BB6-43C1-A820-27804311F22A}.Debug|Any CPU.ActiveCfg = Debug|Any CPU
		{6A33AFC8-4BB6-43C1-A820-27804311F22A}.Debug|Any CPU.Build.0 = Debug|Any CPU
		{6A33AFC8-4BB6-43C1-A820-27804311F22A}.Release|Any CPU.ActiveCfg = Release|Any CPU
		{6A33AFC8-4BB6-43C1-A820-27804311F22A}.Release|Any CPU.Build.0 = Release|Any CPU
	EndGlobalSection
	GlobalSection(SolutionProperties) = preSolution
		HideSolutionNode = FALSE
	EndGlobalSection
	GlobalSection(ExtensibilityGlobals) = postSolution
		SolutionGuid = {31571979-F446-4F3D-9E8E-A4B1F8C12241}
	EndGlobalSection
EndGlobal
