
Microsoft Visual Studio Solution File, Format Version 12.00
# Visual Studio 15
VisualStudioVersion = 15.0.28010.2019
MinimumVisualStudioVersion = 10.0.40219.1
Project("{FAE04EC0-301F-11D3-BF4B-00C04F79EFBC}") = "program1", "hello\program1.csproj", "{F912E372-89C9-4987-88C3-5F9A90B59537}"
EndProject
Project("{FAE04EC0-301F-11D3-BF4B-00C04F79EFBC}") = "program2", "WindowsFormsApp1\program2.csproj", "{27BD5A11-FE7D-49EF-982F-1C4B0A32570B}"
EndProject
Global
	GlobalSection(SolutionConfigurationPlatforms) = preSolution
		Debug|Any CPU = Debug|Any CPU
		Release|Any CPU = Release|Any CPU
	EndGlobalSection
	GlobalSection(ProjectConfigurationPlatforms) = postSolution
		{F912E372-89C9-4987-88C3-5F9A90B59537}.Debug|Any CPU.ActiveCfg = Debug|Any CPU
		{F912E372-89C9-4987-88C3-5F9A90B59537}.Debug|Any CPU.Build.0 = Debug|Any CPU
		{F912E372-89C9-4987-88C3-5F9A90B59537}.Release|Any CPU.ActiveCfg = Release|Any CPU
		{F912E372-89C9-4987-88C3-5F9A90B59537}.Release|Any CPU.Build.0 = Release|Any CPU
		{27BD5A11-FE7D-49EF-982F-1C4B0A32570B}.Debug|Any CPU.ActiveCfg = Debug|Any CPU
		{27BD5A11-FE7D-49EF-982F-1C4B0A32570B}.Debug|Any CPU.Build.0 = Debug|Any CPU
		{27BD5A11-FE7D-49EF-982F-1C4B0A32570B}.Release|Any CPU.ActiveCfg = Release|Any CPU
		{27BD5A11-FE7D-49EF-982F-1C4B0A32570B}.Release|Any CPU.Build.0 = Release|Any CPU
	EndGlobalSection
	GlobalSection(SolutionProperties) = preSolution
		HideSolutionNode = FALSE
	EndGlobalSection
	GlobalSection(ExtensibilityGlobals) = postSolution
		SolutionGuid = {33FB0DF1-DAB2-4B36-9282-0AFE882527DB}
	EndGlobalSection
EndGlobal
