
Microsoft Visual Studio Solution File, Format Version 12.00
# Visual Studio 15
VisualStudioVersion = 15.0.28010.2019
MinimumVisualStudioVersion = 10.0.40219.1
Project("{FAE04EC0-301F-11D3-BF4B-00C04F79EFBC}") = "program1", "program1\program1.csproj", "{EEDB1D07-0F12-4F6E-AC65-9A820D956F28}"
EndProject
Project("{FAE04EC0-301F-11D3-BF4B-00C04F79EFBC}") = "WinForm1", "WinFrom1\WinForm1.csproj", "{A02F445D-92EA-4025-B33C-B49A80918B79}"
	ProjectSection(ProjectDependencies) = postProject
		{EEDB1D07-0F12-4F6E-AC65-9A820D956F28} = {EEDB1D07-0F12-4F6E-AC65-9A820D956F28}
	EndProjectSection
EndProject
Global
	GlobalSection(SolutionConfigurationPlatforms) = preSolution
		Debug|Any CPU = Debug|Any CPU
		Release|Any CPU = Release|Any CPU
	EndGlobalSection
	GlobalSection(ProjectConfigurationPlatforms) = postSolution
		{EEDB1D07-0F12-4F6E-AC65-9A820D956F28}.Debug|Any CPU.ActiveCfg = Debug|Any CPU
		{EEDB1D07-0F12-4F6E-AC65-9A820D956F28}.Debug|Any CPU.Build.0 = Debug|Any CPU
		{EEDB1D07-0F12-4F6E-AC65-9A820D956F28}.Release|Any CPU.ActiveCfg = Release|Any CPU
		{EEDB1D07-0F12-4F6E-AC65-9A820D956F28}.Release|Any CPU.Build.0 = Release|Any CPU
		{A02F445D-92EA-4025-B33C-B49A80918B79}.Debug|Any CPU.ActiveCfg = Debug|Any CPU
		{A02F445D-92EA-4025-B33C-B49A80918B79}.Debug|Any CPU.Build.0 = Debug|Any CPU
		{A02F445D-92EA-4025-B33C-B49A80918B79}.Release|Any CPU.ActiveCfg = Release|Any CPU
		{A02F445D-92EA-4025-B33C-B49A80918B79}.Release|Any CPU.Build.0 = Release|Any CPU
	EndGlobalSection
	GlobalSection(SolutionProperties) = preSolution
		HideSolutionNode = FALSE
	EndGlobalSection
	GlobalSection(ExtensibilityGlobals) = postSolution
		SolutionGuid = {B07DE838-8E05-469F-A071-FA3A0984A0D7}
	EndGlobalSection
EndGlobal
