
Microsoft Visual Studio Solution File, Format Version 12.00
# Visual Studio 15
VisualStudioVersion = 15.0.28010.2019
MinimumVisualStudioVersion = 10.0.40219.1
Project("{FAE04EC0-301F-11D3-BF4B-00C04F79EFBC}") = "program2", "program2\program2.csproj", "{F8818477-9631-4ACC-9E38-7E33D2390210}"
EndProject
Project("{FAE04EC0-301F-11D3-BF4B-00C04F79EFBC}") = "program1", "program1\program1.csproj", "{866FC192-5183-4883-AE70-B1B6FD851D15}"
EndProject
Global
	GlobalSection(SolutionConfigurationPlatforms) = preSolution
		Debug|Any CPU = Debug|Any CPU
		Release|Any CPU = Release|Any CPU
	EndGlobalSection
	GlobalSection(ProjectConfigurationPlatforms) = postSolution
		{F8818477-9631-4ACC-9E38-7E33D2390210}.Debug|Any CPU.ActiveCfg = Debug|Any CPU
		{F8818477-9631-4ACC-9E38-7E33D2390210}.Debug|Any CPU.Build.0 = Debug|Any CPU
		{F8818477-9631-4ACC-9E38-7E33D2390210}.Release|Any CPU.ActiveCfg = Release|Any CPU
		{F8818477-9631-4ACC-9E38-7E33D2390210}.Release|Any CPU.Build.0 = Release|Any CPU
		{866FC192-5183-4883-AE70-B1B6FD851D15}.Debug|Any CPU.ActiveCfg = Debug|Any CPU
		{866FC192-5183-4883-AE70-B1B6FD851D15}.Debug|Any CPU.Build.0 = Debug|Any CPU
		{866FC192-5183-4883-AE70-B1B6FD851D15}.Release|Any CPU.ActiveCfg = Release|Any CPU
		{866FC192-5183-4883-AE70-B1B6FD851D15}.Release|Any CPU.Build.0 = Release|Any CPU
	EndGlobalSection
	GlobalSection(SolutionProperties) = preSolution
		HideSolutionNode = FALSE
	EndGlobalSection
	GlobalSection(ExtensibilityGlobals) = postSolution
		SolutionGuid = {ECA77B0F-C39E-48F9-B497-E4F32CCA58D5}
	EndGlobalSection
EndGlobal
